Microsoft Visual Studio Solution File, Format Version 12.00
# Visual Studio Version 17
VisualStudioVersion = 17.5.2.0
MinimumVisualStudioVersion = 10.0.40219.1
Project("{FAE04EC0-301F-11D3-BF4B-00C04F79EFBC}") = "CS-VSC-AvaloniaTest", "CS-VSC-AvaloniaTest.csproj", "{523B9E50-5743-8D37-4B87-56519C95997C}"
EndProject
Global
	GlobalSection(SolutionConfigurationPlatforms) = preSolution
		Debug|Any CPU = Debug|Any CPU
		Release|Any CPU = Release|Any CPU
	EndGlobalSection
	GlobalSection(ProjectConfigurationPlatforms) = postSolution
		{523B9E50-5743-8D37-4B87-56519C95997C}.Debug|Any CPU.ActiveCfg = Debug|Any CPU
		{523B9E50-5743-8D37-4B87-56519C95997C}.Debug|Any CPU.Build.0 = Debug|Any CPU
		{523B9E50-5743-8D37-4B87-56519C95997C}.Release|Any CPU.ActiveCfg = Release|Any CPU
		{523B9E50-5743-8D37-4B87-56519C95997C}.Release|Any CPU.Build.0 = Release|Any CPU
	EndGlobalSection
	GlobalSection(SolutionProperties) = preSolution
		HideSolutionNode = FALSE
	EndGlobalSection
	GlobalSection(ExtensibilityGlobals) = postSolution
		SolutionGuid = {689FF59F-13E9-4496-9A02-7DEF32E8A624}
	EndGlobalSection
EndGlobal
